github.com/gomidi/cc v0.2.0 h1:2IRNKQvLFl1nq974v0psFYBBzn95ZceNeKxK2eByFc8=
github.com/gomidi/cc v0.2.0/go.mod h1:pp/v4mQ8/Z6O7KoGukAO9MNQ5nhUUgAJlJU7XsC4IpI=
github.com/gomidi/connect v0.9.0 h1:UpX2PBl3660JEpKk2Q3uwuLsbc2AVoySBVkwTGbHyAA=
github.com/gomidi/connect v0.9.0/go.mod h1:zu6PoN7Xs/37thtXZ+4Wl1MMg8MxenS7U/M3rn6trNo=
github.com/gomidi/connect v0.10.0 h1:8oym4O321D4hbN/DW4NwEDpF5P0IuMK3JZThc/Y1SDA=
github.com/gomidi/connect v0.10.0/go.mod h1:zu6PoN7Xs/37thtXZ+4Wl1MMg8MxenS7U/M3rn6trNo=
github.com/gomidi/connect v0.11.1 h1:3u5nXHSUDCj1CkhiY3hes+QzTg//gSD3gUVA5eTythU=
github.com/gomidi/connect v0.11.1/go.mod h1:zu6PoN7Xs/37thtXZ+4Wl1MMg8MxenS7U/M3rn6trNo=
github.com/gomidi/mid v0.15.0 h1:UkHzHi5dArERz0ULxSciYwjLce8mZMG9mMFoafCycds=
github.com/gomidi/mid v0.15.0/go.mod h1:eudyOHRUnIZ+Ikl4umKxYLjsSiYqrcF3zHfct3xRAuQ=
github.com/gomidi/mid v0.16.0 h1:itROhVvGxWHa+J9fpBjc2HOlJKlmIBxVHp2kmy0BVeI=
github.com/gomidi/mid v0.16.0/go.mod h1:cg3EEV8BEbgw2/3ij1pDof5J9bONxQWldktqX2Ahw8w=
github.com/gomidi/mid v0.16.1 h1:mbvRKRC7Joi5raPX3J9acF0V9LHvyxgU2vy+m8r288Q=
github.com/gomidi/mid v0.16.1/go.mod h1:W3yGoOUT0nWmcNUhaP5KDDWPs9HYfe/VPrH1sniz+dQ=
github.com/gomidi/mid v0.17.0 h1:gVc21J4lTqIqdI61ZHtvbrflH0Tf9jmCyqfAwcEacJs=
github.com/gomidi/mid v0.17.0/go.mod h1:CRgJg/zXQWthyz6SOjuTK4E089G1QNcd9pARxQXAAeQ=
github.com/gomidi/midi v1.4.1 h1:eRaiAALXTnzffQu8ShfaT7ZoINRHwK+yubgpGb8RA2c=
github.com/gomidi/midi v1.4.1/go.mod h1:B16DbgtsXSbQK9Q75aVezVL6VGhaK+2CVe/ybwUUCHE=
github.com/gomidi/midi v1.4.2 h1:vU5m8n5iJjDEF8pqEcox/6Jw2IBHACtR30EBc0IyQls=
github.com/gomidi/midi v1.4.2/go.mod h1:B16DbgtsXSbQK9Q75aVezVL6VGhaK+2CVe/ybwUUCHE=
github.com/gomidi/midi v1.6.0 h1:g/aUVDRfFKzCIvmlI2MRc6IKopKdBno2bBb/2a4RYmo=
github.com/gomidi/midi v1.6.0/go.mod h1:B16DbgtsXSbQK9Q75aVezVL6VGhaK+2CVe/ybwUUCHE=
github.com/gomidi/rtmididrv/imported/rtmidi v0.0.0-20180902095240-24e991c33977 h1:oa7DQlszTe85tEfmUgSkA8C6Wb6SMuiLoD72Q32Spq4=
github.com/gomidi/rtmididrv/imported/rtmidi v0.0.0-20180902095240-24e991c33977/go.mod h1:dbXfsHh+fNtafItiJIgnK6EMw5M/xgtXc7Rmya+cZsQ=
github.com/gomidi/rtmididrv/imported/rtmidi v0.0.0-20180902095739-8a232e64bf74 h1:RJYjVzacpS4aPBS8lC1K9DZ7366kaUkXTT+GqSted+M=
github.com/gomidi/rtmididrv/imported/rtmidi v0.0.0-20180902095739-8a232e64bf74/go.mod h1:dbXfsHh+fNtafItiJIgnK6EMw5M/xgtXc7Rmya+cZsQ=
github.com/gomidi/rtmididrv/imported/rtmidi v0.0.0-20180903191816-feb86b14a13c h1:FcWvQiaRF5j4FZDSe1ifp6MS326uR1xYHhIuPIMJABM=
github.com/gomidi/rtmididrv/imported/rtmidi v0.0.0-20180903191816-feb86b14a13c/go.mod h1:dbXfsHh+fNtafItiJIgnK6EMw5M/xgtXc7Rmya+cZsQ=
github.com/gomidi/rtmididrv/imported/rtmidi v0.0.0-20180903192224-c212a44b13e6/go.mod h1:dbXfsHh+fNtafItiJIgnK6EMw5M/xgtXc7Rmya+cZsQ=
github.com/gomidi/rtmididrv/imported/rtmidi v0.0.0-20180920083105-a31b053b8058 h1:/qv3T1spERrM4WesipavZo2MBEtjzRSVDKRwHWoGc38=
github.com/gomidi/rtmididrv/imported/rtmidi v0.0.0-20180920083105-a31b053b8058/go.mod h1:dbXfsHh+fNtafItiJIgnK6EMw5M/xgtXc7Rmya+cZsQ=
github.com/gomidi/rtmididrv/imported/rtmidi v0.0.0-20181003214813-394e08a8a616 h1:li36X3RHhnh40a0jGULcNryHKFEKZrf++Vfj0NpfRVM=
github.com/gomidi/rtmididrv/imported/rtmidi v0.0.0-20181003214813-394e08a8a616/go.mod h1:dbXfsHh+fNtafItiJIgnK6EMw5M/xgtXc7Rmya+cZsQ=
